{
  "name": "performancetestvisualizer",
  "version": "1.0.0",
  "lockfileVersion": 1,
  "requires": true,
  "dependencies": {
    "@types/d3": {
      "version": "4.11.0",
      "resolved": "https://registry.npmjs.org/@types/d3/-/d3-4.11.0.tgz",
      "integrity": "sha512-d0czaWKE1JEQbJl0wJAz3+u0ssXxHaNqONSyryIlI1YVD7cBgJ664ToLMJR6IXPwz4Px+8Aa7/u+aIIo9CO8mg==",
      "dev": true,
      "requires": {
        "@types/d3-array": "1.2.1",
        "@types/d3-axis": "1.0.9",
        "@types/d3-brush": "1.0.7",
        "@types/d3-chord": "1.0.6",
        "@types/d3-collection": "1.0.5",
        "@types/d3-color": "1.0.5",
        "@types/d3-dispatch": "1.0.5",
        "@types/d3-drag": "1.2.0",
        "@types/d3-dsv": "1.0.30",
        "@types/d3-ease": "1.0.7",
        "@types/d3-force": "1.1.0",
        "@types/d3-format": "1.2.1",
        "@types/d3-geo": "1.9.2",
        "@types/d3-hierarchy": "1.1.0",
        "@types/d3-interpolate": "1.1.6",
        "@types/d3-path": "1.0.6",
        "@types/d3-polygon": "1.0.5",
        "@types/d3-quadtree": "1.0.5",
        "@types/d3-queue": "3.0.5",
        "@types/d3-random": "1.1.0",
        "@types/d3-request": "1.0.2",
        "@types/d3-scale": "1.0.10",
        "@types/d3-selection": "1.3.0",
        "@types/d3-shape": "1.2.1",
        "@types/d3-time": "1.0.7",
        "@types/d3-time-format": "2.1.0",
        "@types/d3-timer": "1.0.6",
        "@types/d3-transition": "1.1.1",
        "@types/d3-voronoi": "1.1.7",
        "@types/d3-zoom": "1.7.0"
      }
    },
    "@types/d3-array": {
      "version": "1.2.1",
      "resolved": "https://registry.npmjs.org/@types/d3-array/-/d3-array-1.2.1.tgz",
      "integrity": "sha1-5IlgUgjUahydmA0uV3L6nHXZ7GU=",
      "dev": true
    },
    "@types/d3-axis": {
      "version": "1.0.9",
      "resolved": "https://registry.npmjs.org/@types/d3-axis/-/d3-axis-1.0.9.tgz",
      "integrity": "sha1-Ys57yNBDVCmM2lfz8dH4Vq1puJo=",
      "dev": true,
      "requires": {
        "@types/d3-selection": "1.3.0"
      }
    },
    "@types/d3-brush": {
      "version": "1.0.7",
      "resolved": "https://registry.npmjs.org/@types/d3-brush/-/d3-brush-1.0.7.tgz",
      "integrity": "sha1-BcMEQPTVN/0j+Xaw5sS6IjAB70U=",
      "dev": true,
      "requires": {
        "@types/d3-selection": "1.3.0"
      }
    },
    "@types/d3-chord": {
      "version": "1.0.6",
      "resolved": "https://registry.npmjs.org/@types/d3-chord/-/d3-chord-1.0.6.tgz",
      "integrity": "sha1-BYnrl6MZH07a8Xt73kmEYokM4ew=",
      "dev": true
    },
    "@types/d3-collection": {
      "version": "1.0.5",
      "resolved": "https://registry.npmjs.org/@types/d3-collection/-/d3-collection-1.0.5.tgz",
      "integrity": "sha1-ux86qXzcjYgWRVQbnWz4ft/um8M=",
      "dev": true
    },
    "@types/d3-color": {
      "version": "1.0.5",
      "resolved": "https://registry.npmjs.org/@types/d3-color/-/d3-color-1.0.5.tgz",
      "integrity": "sha1-ytdV8Pxt57cPpuXgivqB70wiSN4=",
      "dev": true
    },
    "@types/d3-dispatch": {
      "version": "1.0.5",
      "resolved": "https://registry.npmjs.org/@types/d3-dispatch/-/d3-dispatch-1.0.5.tgz",
      "integrity": "sha1-8fkYe1OOywUVdWnY3C9w37BPG1I=",
      "dev": true
    },
    "@types/d3-drag": {
      "version": "1.2.0",
      "resolved": "https://registry.npmjs.org/@types/d3-drag/-/d3-drag-1.2.0.tgz",
      "integrity": "sha512-AePmm0sXj0Tpl0uQWvwmbAf1QR3yCy9aRhjJ9mRDDSZlHBdY0SCpUtdZC9uG9Q+pyHT/dEt1R2FT/sj+5k/bVA==",
      "dev": true,
      "requires": {
        "@types/d3-selection": "1.3.0"
      }
    },
    "@types/d3-dsv": {
      "version": "1.0.30",
      "resolved": "https://registry.npmjs.org/@types/d3-dsv/-/d3-dsv-1.0.30.tgz",
      "integrity": "sha1-eODd3eQoNWb0Y+UVUal6Y8Fw1ag=",
      "dev": true
    },
    "@types/d3-ease": {
      "version": "1.0.7",
      "resolved": "https://registry.npmjs.org/@types/d3-ease/-/d3-ease-1.0.7.tgz",
      "integrity": "sha1-k6MBhovp4VBh89RDQ7GrP4rLbwk=",
      "dev": true
    },
    "@types/d3-force": {
      "version": "1.1.0",
      "resolved": "https://registry.npmjs.org/@types/d3-force/-/d3-force-1.1.0.tgz",
      "integrity": "sha1-QJJco1ErY71CT3yWheF4G1sKHX4=",
      "dev": true
    },
    "@types/d3-format": {
      "version": "1.2.1",
      "resolved": "https://registry.npmjs.org/@types/d3-format/-/d3-format-1.2.1.tgz",
      "integrity": "sha1-lDX7F3HS+/aoWMkyGPQJfJqjlsE=",
      "dev": true
    },
    "@types/d3-geo": {
      "version": "1.9.2",
      "resolved": "https://registry.npmjs.org/@types/d3-geo/-/d3-geo-1.9.2.tgz",
      "integrity": "sha512-O8+zTuakhA8hnVTxO2xjTf4tcUvdYwx5C0fizbq/We6YsZuJZcFYvfKpwLmcDgQLzqwgiuTe+IocVpSoj0KxEw==",
      "dev": true,
      "requires": {
        "@types/geojson": "1.0.5"
      }
    },
    "@types/d3-hierarchy": {
      "version": "1.1.0",
      "resolved": "https://registry.npmjs.org/@types/d3-hierarchy/-/d3-hierarchy-1.1.0.tgz",
      "integrity": "sha1-UPHuBShAY4A1y91KyrH8NHCQWQc=",
      "dev": true
    },
    "@types/d3-interpolate": {
      "version": "1.1.6",
      "resolved": "https://registry.npmjs.org/@types/d3-interpolate/-/d3-interpolate-1.1.6.tgz",
      "integrity": "sha1-ZAQbFcnAMsNI2hsiuqvFn6TRYTY=",
      "dev": true,
      "requires": {
        "@types/d3-color": "1.0.5"
      }
    },
    "@types/d3-path": {
      "version": "1.0.6",
      "resolved": "https://registry.npmjs.org/@types/d3-path/-/d3-path-1.0.6.tgz",
      "integrity": "sha1-wafS3Aeylf3RyE2r5EBN+ZG0hpM=",
      "dev": true
    },
    "@types/d3-polygon": {
      "version": "1.0.5",
      "resolved": "https://registry.npmjs.org/@types/d3-polygon/-/d3-polygon-1.0.5.tgz",
      "integrity": "sha1-Na1U7YTDnX6fElK2U1vmAL5srOI=",
      "dev": true
    },
    "@types/d3-quadtree": {
      "version": "1.0.5",
      "resolved": "https://registry.npmjs.org/@types/d3-quadtree/-/d3-quadtree-1.0.5.tgz",
      "integrity": "sha1-HOHmWerkUw3wyxJ/KX8XQaNnqC4=",
      "dev": true
    },
    "@types/d3-queue": {
      "version": "3.0.5",
      "resolved": "https://registry.npmjs.org/@types/d3-queue/-/d3-queue-3.0.5.tgz",
      "integrity": "sha1-Pky+Kv9h22oLK4xIACmeTsasyFA=",
      "dev": true
    },
    "@types/d3-random": {
      "version": "1.1.0",
      "resolved": "https://registry.npmjs.org/@types/d3-random/-/d3-random-1.1.0.tgz",
      "integrity": "sha1-LdCPEVnHBxknDkp8g0r4XIuI0sM=",
      "dev": true
    },
    "@types/d3-request": {
      "version": "1.0.2",
      "resolved": "https://registry.npmjs.org/@types/d3-request/-/d3-request-1.0.2.tgz",
      "integrity": "sha1-2524FU9HgWWEcGxub3Ar5m8i9L4=",
      "dev": true,
      "requires": {
        "@types/d3-dsv": "1.0.30"
      }
    },
    "@types/d3-scale": {
      "version": "1.0.10",
      "resolved": "https://registry.npmjs.org/@types/d3-scale/-/d3-scale-1.0.10.tgz",
      "integrity": "sha1-jFwdylShWe7QQrRnGduzvbfoyEI=",
      "dev": true,
      "requires": {
        "@types/d3-time": "1.0.7"
      }
    },
    "@types/d3-selection": {
      "version": "1.3.0",
      "resolved": "https://registry.npmjs.org/@types/d3-selection/-/d3-selection-1.3.0.tgz",
      "integrity": "sha512-1SJhi3kTk/SHHIE6XkHuHU2REYkbSOjkQuo3HT71FOTs8/tjeGcvtXMsX4N3kU1UE1nVG+A5pg7TSjuJ4zUN3A=="
    },
    "@types/d3-shape": {
      "version": "1.2.1",
      "resolved": "https://registry.npmjs.org/@types/d3-shape/-/d3-shape-1.2.1.tgz",
      "integrity": "sha1-ysLZ8BIvFzIgwyyMFS3ELuk0nfI=",
      "dev": true,
      "requires": {
        "@types/d3-path": "1.0.6"
      }
    },
    "@types/d3-time": {
      "version": "1.0.7",
      "resolved": "https://registry.npmjs.org/@types/d3-time/-/d3-time-1.0.7.tgz",
      "integrity": "sha1-QmbXyb4V+oElaojR0FLWHNjcVyw=",
      "dev": true
    },
    "@types/d3-time-format": {
      "version": "2.1.0",
      "resolved": "https://registry.npmjs.org/@types/d3-time-format/-/d3-time-format-2.1.0.tgz",
      "integrity": "sha512-/myT3I7EwlukNOX2xVdMzb8FRgNzRMpsZddwst9Ld/VFe6LyJyRp0s32l/V9XoUzk+Gqu56F/oGk6507+8BxrA==",
      "dev": true
    },
    "@types/d3-timer": {
      "version": "1.0.6",
      "resolved": "https://registry.npmjs.org/@types/d3-timer/-/d3-timer-1.0.6.tgz",
      "integrity": "sha1-eG1OIHMa3wOvLF32yG/ilmf+Qps=",
      "dev": true
    },
    "@types/d3-transition": {
      "version": "1.1.1",
      "resolved": "https://registry.npmjs.org/@types/d3-transition/-/d3-transition-1.1.1.tgz",
      "integrity": "sha512-GHTghl0YYB8gGgbyKxVLHyAp9Na0HqsX2U7M0u0lGw4IdfEaslooykweZ8fDHW13T+KZeZAuzhbmqBZVFO+6kg==",
      "dev": true,
      "requires": {
        "@types/d3-selection": "1.3.0"
      }
    },
    "@types/d3-voronoi": {
      "version": "1.1.7",
      "resolved": "https://registry.npmjs.org/@types/d3-voronoi/-/d3-voronoi-1.1.7.tgz",
      "integrity": "sha1-wKFFzwQ5WSfgFwb/bE/4Ncl6js4=",
      "dev": true
    },
    "@types/d3-zoom": {
      "version": "1.7.0",
      "resolved": "https://registry.npmjs.org/@types/d3-zoom/-/d3-zoom-1.7.0.tgz",
      "integrity": "sha512-eIivt2ehMUXqS0guuVzRSMr5RGhO958g9EKxIJv3Z23suPnX4VQI9k1TC/bLuwKq0IWp9a1bEEcIy+PNJv9BtA==",
      "dev": true,
      "requires": {
        "@types/d3-interpolate": "1.1.6",
        "@types/d3-selection": "1.3.0"
      }
    },
    "@types/events": {
      "version": "1.1.0",
      "resolved": "https://registry.npmjs.org/@types/events/-/events-1.1.0.tgz",
      "integrity": "sha512-y3bR98mzYOo0pAZuiLari+cQyiKk3UXRuT45h1RjhfeCzqkjaVsfZJNaxdgtk7/3tzOm1ozLTqEqMP3VbI48jw=="
    },
    "@types/geojson": {
      "version": "1.0.5",
      "resolved": "https://registry.npmjs.org/@types/geojson/-/geojson-1.0.5.tgz",
      "integrity": "sha512-Vv/xcob92T/Vncg/AvPMYS0R2a+PYBnnTGNb7bE8jyqEXqq08Tp1frhx6+ExKCImyQq6iLfqjeXt/Wtsh8Sjgw==",
      "dev": true
    },
    "@types/glob": {
      "version": "5.0.35",
      "resolved": "https://registry.npmjs.org/@types/glob/-/glob-5.0.35.tgz",
      "integrity": "sha512-wc+VveszMLyMWFvXLkloixT4n0harUIVZjnpzztaZ0nKLuul7Z32iMt2fUFGAaZ4y1XWjFRMtCI5ewvyh4aIeg==",
      "requires": {
        "@types/events": "1.1.0",
        "@types/minimatch": "3.0.3",
        "@types/node": "8.9.4"
      }
    },
    "@types/minimatch": {
      "version": "3.0.3",
      "resolved": "https://registry.npmjs.org/@types/minimatch/-/minimatch-3.0.3.tgz",
      "integrity": "sha512-tHq6qdbT9U1IRSGf14CL0pUlULksvY9OZ+5eEgl1N7t+OA3tGvNpxJCzuKQlsNgCVwbAs670L1vcVQi8j9HjnA=="
    },
    "@types/node": {
      "version": "8.9.4",
      "resolved": "https://registry.npmjs.org/@types/node/-/node-8.9.4.tgz",
      "integrity": "sha512-dSvD36qnQs78G1BPsrZFdPpvLgMW/dnvr5+nTW2csMs5TiP9MOXrjUbnMZOEwnIuBklXtn7b6TPA2Cuq07bDHA=="
    },
    "@types/q": {
      "version": "1.0.7",
      "resolved": "https://registry.npmjs.org/@types/q/-/q-1.0.7.tgz",
      "integrity": "sha512-0WS7XU7sXzQ7J1nbnMKKYdjrrFoO3YtZYgUzeV8JFXffPnHfvSJQleR70I8BOAsOm14i4dyaAZ3YzqIl1YhkXQ==",
      "dev": true
    },
    "@types/shelljs": {
      "version": "0.7.8",
      "resolved": "https://registry.npmjs.org/@types/shelljs/-/shelljs-0.7.8.tgz",
      "integrity": "sha512-M2giRw93PxKS7YjU6GZjtdV9HASdB7TWqizBXe4Ju7AqbKlWvTr0gNO92XH56D/gMxqD/jNHLNfC5hA34yGqrQ==",
      "requires": {
        "@types/glob": "5.0.35",
        "@types/node": "8.9.4"
      }
    },
    "ajv": {
      "version": "5.3.0",
      "resolved": "https://registry.npmjs.org/ajv/-/ajv-5.3.0.tgz",
      "integrity": "sha1-RBT/dKUIecII7l/cgm4ywwNUnto=",
      "requires": {
        "co": "4.6.0",
        "fast-deep-equal": "1.0.0",
        "fast-json-stable-stringify": "2.0.0",
        "json-schema-traverse": "0.3.1"
      }
    },
    "asn1": {
      "version": "0.2.3",
      "resolved": "https://registry.npmjs.org/asn1/-/asn1-0.2.3.tgz",
      "integrity": "sha1-2sh4dxPJlmhJ/IGAd36+nB3fO4Y="
    },
    "assert-plus": {
      "version": "1.0.0",
      "resolved": "https://registry.npmjs.org/assert-plus/-/assert-plus-1.0.0.tgz",
      "integrity": "sha1-8S4PPF13sLHN2RRpQuTpbB5N1SU="
    },
    "asynckit": {
      "version": "0.4.0",
      "resolved": "https://registry.npmjs.org/asynckit/-/asynckit-0.4.0.tgz",
      "integrity": "sha1-x57Zf380y48robyXkLzDZkdLS3k="
    },
    "aws-sign2": {
      "version": "0.7.0",
      "resolved": "https://registry.npmjs.org/aws-sign2/-/aws-sign2-0.7.0.tgz",
      "integrity": "sha1-tG6JCTSpWR8tL2+G1+ap8bP+dqg="
    },
    "aws4": {
      "version": "1.6.0",
      "resolved": "https://registry.npmjs.org/aws4/-/aws4-1.6.0.tgz",
      "integrity": "sha1-g+9cqGCysy5KDe7e6MdxudtXRx4="
    },
    "balanced-match": {
      "version": "1.0.0",
      "resolved": "https://registry.npmjs.org/balanced-match/-/balanced-match-1.0.0.tgz",
      "integrity": "sha1-ibTRmasr7kneFk6gK4nORi1xt2c="
    },
    "bcrypt-pbkdf": {
      "version": "1.0.1",
      "resolved": "https://registry.npmjs.org/bcrypt-pbkdf/-/bcrypt-pbkdf-1.0.1.tgz",
      "integrity": "sha1-Y7xdy2EzG5K8Bf1SiVPDNGKgb40=",
      "optional": true,
      "requires": {
        "tweetnacl": "0.14.5"
      }
    },
    "boom": {
      "version": "4.3.1",
      "resolved": "https://registry.npmjs.org/boom/-/boom-4.3.1.tgz",
      "integrity": "sha1-T4owBctKfjiJ90kDD9JbluAdLjE=",
      "requires": {
        "hoek": "4.2.0"
      }
    },
    "brace-expansion": {
      "version": "1.1.11",
      "resolved": "https://registry.npmjs.org/brace-expansion/-/brace-expansion-1.1.11.tgz",
      "integrity": "sha512-iCuPHDFgrHX7H2vEI/5xpz07zSHB00TpugqhmYtVmMO6518mCuRMoOYFldEBl0g187ufozdaHgWKcYFb61qGiA==",
      "requires": {
        "balanced-match": "1.0.0",
        "concat-map": "0.0.1"
      }
    },
    "caseless": {
      "version": "0.12.0",
      "resolved": "https://registry.npmjs.org/caseless/-/caseless-0.12.0.tgz",
      "integrity": "sha1-G2gcIf+EAzyCZUMJBolCDRhxUdw="
    },
    "co": {
      "version": "4.6.0",
      "resolved": "https://registry.npmjs.org/co/-/co-4.6.0.tgz",
      "integrity": "sha1-bqa989hTrlTMuOR7+gvz+QMfsYQ="
    },
    "color": {
      "version": "0.5.0",
      "resolved": "https://registry.npmjs.org/color/-/color-0.5.0.tgz",
      "integrity": "sha1-TSg9i/5MvHAG3mttJaPCbwDj7m0=",
      "requires": {
        "color-convert": "0.2.1",
        "color-string": "0.1.3"
      }
    },
    "color-convert": {
      "version": "0.2.1",
      "resolved": "https://registry.npmjs.org/color-convert/-/color-convert-0.2.1.tgz",
      "integrity": "sha1-NjyrI8lLMaDWTbcQSLjGqUD4xow="
    },
    "color-string": {
      "version": "0.1.3",
      "resolved": "https://registry.npmjs.org/color-string/-/color-string-0.1.3.tgz",
      "integrity": "sha1-6GXS4+WfZlw68N4UOD9r8HBWhfM=",
      "requires": {
        "color-convert": "0.2.1"
      }
    },
    "combined-stream": {
      "version": "1.0.5",
      "resolved": "https://registry.npmjs.org/combined-stream/-/combined-stream-1.0.5.tgz",
      "integrity": "sha1-k4NwpXtKUd6ix3wV1cX9+JUWQAk=",
      "requires": {
        "delayed-stream": "1.0.0"
      }
    },
    "concat-map": {
      "version": "0.0.1",
      "resolved": "https://registry.npmjs.org/concat-map/-/concat-map-0.0.1.tgz",
      "integrity": "sha1-2Klr13/Wjfd5OnMDajug1UBdR3s="
    },
    "core-util-is": {
      "version": "1.0.2",
      "resolved": "https://registry.npmjs.org/core-util-is/-/core-util-is-1.0.2.tgz",
      "integrity": "sha1-tf1UIgqivFq1eqtxQMlAdUUDwac="
    },
    "cryptiles": {
      "version": "3.1.2",
      "resolved": "https://registry.npmjs.org/cryptiles/-/cryptiles-3.1.2.tgz",
      "integrity": "sha1-qJ+7Ig9c4l7FboxKqKT9e1sNKf4=",
      "requires": {
        "boom": "5.2.0"
      },
      "dependencies": {
        "boom": {
          "version": "5.2.0",
          "resolved": "https://registry.npmjs.org/boom/-/boom-5.2.0.tgz",
          "integrity": "sha512-Z5BTk6ZRe4tXXQlkqftmsAUANpXmuwlsF5Oov8ThoMbQRzdGTA1ngYRW160GexgOgjsFOKJz0LYhoNi+2AMBUw==",
          "requires": {
            "hoek": "4.2.0"
          }
        }
      }
    },
    "d3": {
      "version": "4.13.0",
      "resolved": "https://registry.npmjs.org/d3/-/d3-4.13.0.tgz",
      "integrity": "sha512-l8c4+0SldjVKLaE2WG++EQlqD7mh/dmQjvi2L2lKPadAVC+TbJC4ci7Uk9bRi+To0+ansgsS0iWfPjD7DBy+FQ==",
      "requires": {
        "d3-array": "1.2.1",
        "d3-axis": "1.0.8",
        "d3-brush": "1.0.4",
        "d3-chord": "1.0.4",
        "d3-collection": "1.0.4",
        "d3-color": "1.0.3",
        "d3-dispatch": "1.0.3",
        "d3-drag": "1.2.1",
        "d3-dsv": "1.0.8",
        "d3-ease": "1.0.3",
        "d3-force": "1.1.0",
        "d3-format": "1.2.2",
        "d3-geo": "1.9.1",
        "d3-hierarchy": "1.1.5",
        "d3-interpolate": "1.1.6",
        "d3-path": "1.0.5",
        "d3-polygon": "1.0.3",
        "d3-quadtree": "1.0.3",
        "d3-queue": "3.0.7",
        "d3-random": "1.1.0",
        "d3-request": "1.0.6",
        "d3-scale": "1.0.7",
        "d3-selection": "1.3.0",
        "d3-shape": "1.2.0",
        "d3-time": "1.0.8",
        "d3-time-format": "2.1.1",
        "d3-timer": "1.0.7",
        "d3-transition": "1.1.1",
        "d3-voronoi": "1.1.2",
        "d3-zoom": "1.7.1"
      },
      "dependencies": {
        "commander": {
          "version": "2.14.1",
          "resolved": "https://registry.npmjs.org/commander/-/commander-2.14.1.tgz",
          "integrity": "sha512-+YR16o3rK53SmWHU3rEM3tPAh2rwb1yPcQX5irVn7mb0gXbwuCCrnkbV5+PBfETdfg1vui07nM6PCG1zndcjQw=="
        },
        "d3-array": {
          "version": "1.2.1",
          "resolved": "https://registry.npmjs.org/d3-array/-/d3-array-1.2.1.tgz",
          "integrity": "sha512-CyINJQ0SOUHojDdFDH4JEM0552vCR1utGyLHegJHyYH0JyCpSeTPxi4OBqHMA2jJZq4NH782LtaJWBImqI/HBw=="
        },
        "d3-axis": {
          "version": "1.0.8",
          "resolved": "https://registry.npmjs.org/d3-axis/-/d3-axis-1.0.8.tgz",
          "integrity": "sha1-MacFoLU15ldZ3hQXOjGTMTfxjvo="
        },
        "d3-brush": {
          "version": "1.0.4",
          "resolved": "https://registry.npmjs.org/d3-brush/-/d3-brush-1.0.4.tgz",
          "integrity": "sha1-AMLyOAGfJPbAoZSibUGhUw/+e8Q=",
          "requires": {
            "d3-dispatch": "1.0.3",
            "d3-drag": "1.2.1",
            "d3-interpolate": "1.1.6",
            "d3-selection": "1.3.0",
            "d3-transition": "1.1.1"
          }
        },
        "d3-chord": {
          "version": "1.0.4",
          "resolved": "https://registry.npmjs.org/d3-chord/-/d3-chord-1.0.4.tgz",
          "integrity": "sha1-fexPC6iG9xP+ERxF92NBT290yiw=",
          "requires": {
            "d3-array": "1.2.1",
            "d3-path": "1.0.5"
          }
        },
        "d3-collection": {
          "version": "1.0.4",
          "resolved": "https://registry.npmjs.org/d3-collection/-/d3-collection-1.0.4.tgz",
          "integrity": "sha1-NC39EoN8kJdPM/HMCnha6lcNzcI="
        },
        "d3-color": {
          "version": "1.0.3",
          "resolved": "https://registry.npmjs.org/d3-color/-/d3-color-1.0.3.tgz",
          "integrity": "sha1-vHZD/KjlOoNH4vva/6I2eWtYUJs="
        },
        "d3-dispatch": {
          "version": "1.0.3",
          "resolved": "https://registry.npmjs.org/d3-dispatch/-/d3-dispatch-1.0.3.tgz",
          "integrity": "sha1-RuFJHqqbWMNY/OW+TovtYm54cfg="
        },
        "d3-drag": {
          "version": "1.2.1",
          "resolved": "https://registry.npmjs.org/d3-drag/-/d3-drag-1.2.1.tgz",
          "integrity": "sha512-Cg8/K2rTtzxzrb0fmnYOUeZHvwa4PHzwXOLZZPwtEs2SKLLKLXeYwZKBB+DlOxUvFmarOnmt//cU4+3US2lyyQ==",
          "requires": {
            "d3-dispatch": "1.0.3",
            "d3-selection": "1.3.0"
          }
        },
        "d3-dsv": {
          "version": "1.0.8",
          "resolved": "https://registry.npmjs.org/d3-dsv/-/d3-dsv-1.0.8.tgz",
          "integrity": "sha512-IVCJpQ+YGe3qu6odkPQI0KPqfxkhbP/oM1XhhE/DFiYmcXKfCRub4KXyiuehV1d4drjWVXHUWx4gHqhdZb6n/A==",
          "requires": {
            "commander": "2.14.1",
            "iconv-lite": "0.4.19",
            "rw": "1.3.3"
          }
        },
        "d3-ease": {
          "version": "1.0.3",
          "resolved": "https://registry.npmjs.org/d3-ease/-/d3-ease-1.0.3.tgz",
          "integrity": "sha1-aL+8NJM4o4DETYrMT7wzBKotjA4="
        },
        "d3-force": {
          "version": "1.1.0",
          "resolved": "https://registry.npmjs.org/d3-force/-/d3-force-1.1.0.tgz",
          "integrity": "sha512-2HVQz3/VCQs0QeRNZTYb7GxoUCeb6bOzMp/cGcLa87awY9ZsPvXOGeZm0iaGBjXic6I1ysKwMn+g+5jSAdzwcg==",
          "requires": {
            "d3-collection": "1.0.4",
            "d3-dispatch": "1.0.3",
            "d3-quadtree": "1.0.3",
            "d3-timer": "1.0.7"
          }
        },
        "d3-format": {
          "version": "1.2.2",
          "resolved": "https://registry.npmjs.org/d3-format/-/d3-format-1.2.2.tgz",
          "integrity": "sha512-zH9CfF/3C8zUI47nsiKfD0+AGDEuM8LwBIP7pBVpyR4l/sKkZqITmMtxRp04rwBrlshIZ17XeFAaovN3++wzkw=="
        },
        "d3-geo": {
          "version": "1.9.1",
          "resolved": "https://registry.npmjs.org/d3-geo/-/d3-geo-1.9.1.tgz",
          "integrity": "sha512-l9wL/cEQkyZQYXw3xbmLsH3eQ5ij+icNfo4r0GrLa5rOCZR/e/3am45IQ0FvQ5uMsv+77zBRunLc9ufTWSQYFA==",
          "requires": {
            "d3-array": "1.2.1"
          }
        },
        "d3-hierarchy": {
          "version": "1.1.5",
          "resolved": "https://registry.npmjs.org/d3-hierarchy/-/d3-hierarchy-1.1.5.tgz",
          "integrity": "sha1-ochFxC+Eoga88cAcAQmOpN2qeiY="
        },
        "d3-interpolate": {
          "version": "1.1.6",
          "resolved": "https://registry.npmjs.org/d3-interpolate/-/d3-interpolate-1.1.6.tgz",
          "integrity": "sha512-mOnv5a+pZzkNIHtw/V6I+w9Lqm9L5bG3OTXPM5A+QO0yyVMQ4W1uZhR+VOJmazaOZXri2ppbiZ5BUNWT0pFM9A==",
          "requires": {
            "d3-color": "1.0.3"
          }
        },
        "d3-path": {
          "version": "1.0.5",
          "resolved": "https://registry.npmjs.org/d3-path/-/d3-path-1.0.5.tgz",
          "integrity": "sha1-JB6xhJvZ6egCHA0KeZ+KDo5EF2Q="
        },
        "d3-polygon": {
          "version": "1.0.3",
          "resolved": "https://registry.npmjs.org/d3-polygon/-/d3-polygon-1.0.3.tgz",
          "integrity": "sha1-FoiOkCZGCTPysXllKtN4Ik04LGI="
        },
        "d3-quadtree": {
          "version": "1.0.3",
          "resolved": "https://registry.npmjs.org/d3-quadtree/-/d3-quadtree-1.0.3.tgz",
          "integrity": "sha1-rHmH4+I/6AWpkPKOG1DTj8uCJDg="
        },
        "d3-queue": {
          "version": "3.0.7",
          "resolved": "https://registry.npmjs.org/d3-queue/-/d3-queue-3.0.7.tgz",
          "integrity": "sha1-yTouVLQXwJWRKdfXP2z31Ckudhg="
        },
        "d3-random": {
          "version": "1.1.0",
          "resolved": "https://registry.npmjs.org/d3-random/-/d3-random-1.1.0.tgz",
          "integrity": "sha1-ZkLlBsb6OmSFldKyRpeIqNElKdM="
        },
        "d3-request": {
          "version": "1.0.6",
          "resolved": "https://registry.npmjs.org/d3-request/-/d3-request-1.0.6.tgz",
          "integrity": "sha512-FJj8ySY6GYuAJHZMaCQ83xEYE4KbkPkmxZ3Hu6zA1xxG2GD+z6P+Lyp+zjdsHf0xEbp2xcluDI50rCS855EQ6w==",
          "requires": {
            "d3-collection": "1.0.4",
            "d3-dispatch": "1.0.3",
            "d3-dsv": "1.0.8",
            "xmlhttprequest": "1.8.0"
          }
        },
        "d3-scale": {
          "version": "1.0.7",
          "resolved": "https://registry.npmjs.org/d3-scale/-/d3-scale-1.0.7.tgz",
          "integrity": "sha512-KvU92czp2/qse5tUfGms6Kjig0AhHOwkzXG0+PqIJB3ke0WUv088AHMZI0OssO9NCkXt4RP8yju9rpH8aGB7Lw==",
          "requires": {
            "d3-array": "1.2.1",
            "d3-collection": "1.0.4",
            "d3-color": "1.0.3",
            "d3-format": "1.2.2",
            "d3-interpolate": "1.1.6",
            "d3-time": "1.0.8",
            "d3-time-format": "2.1.1"
          }
        },
        "d3-selection": {
          "version": "1.3.0",
          "resolved": "https://registry.npmjs.org/d3-selection/-/d3-selection-1.3.0.tgz",
          "integrity": "sha512-qgpUOg9tl5CirdqESUAu0t9MU/t3O9klYfGfyKsXEmhyxyzLpzpeh08gaxBUTQw1uXIOkr/30Ut2YRjSSxlmHA=="
        },
        "d3-shape": {
          "version": "1.2.0",
          "resolved": "https://registry.npmjs.org/d3-shape/-/d3-shape-1.2.0.tgz",
          "integrity": "sha1-RdAVOPBkuv0F6j1tLLdI/YxB93c=",
          "requires": {
            "d3-path": "1.0.5"
          }
        },
        "d3-time": {
          "version": "1.0.8",
          "resolved": "https://registry.npmjs.org/d3-time/-/d3-time-1.0.8.tgz",
          "integrity": "sha512-YRZkNhphZh3KcnBfitvF3c6E0JOFGikHZ4YqD+Lzv83ZHn1/u6yGenRU1m+KAk9J1GnZMnKcrtfvSktlA1DXNQ=="
        },
        "d3-time-format": {
          "version": "2.1.1",
          "resolved": "https://registry.npmjs.org/d3-time-format/-/d3-time-format-2.1.1.tgz",
          "integrity": "sha512-8kAkymq2WMfzW7e+s/IUNAtN/y3gZXGRrdGfo6R8NKPAA85UBTxZg5E61bR6nLwjPjj4d3zywSQe1CkYLPFyrw==",
          "requires": {
            "d3-time": "1.0.8"
          }
        },
        "d3-timer": {
          "version": "1.0.7",
          "resolved": "https://registry.npmjs.org/d3-timer/-/d3-timer-1.0.7.tgz",
          "integrity": "sha512-vMZXR88XujmG/L5oB96NNKH5lCWwiLM/S2HyyAQLcjWJCloK5shxta4CwOFYLZoY3AWX73v8Lgv4cCAdWtRmOA=="
        },
        "d3-transition": {
          "version": "1.1.1",
          "resolved": "https://registry.npmjs.org/d3-transition/-/d3-transition-1.1.1.tgz",
          "integrity": "sha512-xeg8oggyQ+y5eb4J13iDgKIjUcEfIOZs2BqV/eEmXm2twx80wTzJ4tB4vaZ5BKfz7XsI/DFmQL5me6O27/5ykQ==",
          "requires": {
            "d3-color": "1.0.3",
            "d3-dispatch": "1.0.3",
            "d3-ease": "1.0.3",
            "d3-interpolate": "1.1.6",
            "d3-selection": "1.3.0",
            "d3-timer": "1.0.7"
          }
        },
        "d3-voronoi": {
          "version": "1.1.2",
          "resolved": "https://registry.npmjs.org/d3-voronoi/-/d3-voronoi-1.1.2.tgz",
          "integrity": "sha1-Fodmfo8TotFYyAwUgMWinLDYlzw="
        },
        "d3-zoom": {
          "version": "1.7.1",
          "resolved": "https://registry.npmjs.org/d3-zoom/-/d3-zoom-1.7.1.tgz",
          "integrity": "sha512-sZHQ55DGq5BZBFGnRshUT8tm2sfhPHFnOlmPbbwTkAoPeVdRTkB4Xsf9GCY0TSHrTD8PeJPZGmP/TpGicwJDJQ==",
          "requires": {
            "d3-dispatch": "1.0.3",
            "d3-drag": "1.2.1",
            "d3-interpolate": "1.1.6",
            "d3-selection": "1.3.0",
            "d3-transition": "1.1.1"
          }
        },
        "iconv-lite": {
          "version": "0.4.19",
          "resolved": "https://registry.npmjs.org/iconv-lite/-/iconv-lite-0.4.19.tgz",
          "integrity": "sha512-oTZqweIP51xaGPI4uPa56/Pri/480R+mo7SeU+YETByQNhDG55ycFyNLIgta9vXhILrxXDmF7ZGhqZIcuN0gJQ=="
        },
        "rw": {
          "version": "1.3.3",
          "resolved": "https://registry.npmjs.org/rw/-/rw-1.3.3.tgz",
          "integrity": "sha1-P4Yt+pGrdmsUiF700BEkv9oHT7Q="
        },
        "xmlhttprequest": {
          "version": "1.8.0",
          "resolved": "https://registry.npmjs.org/xmlhttprequest/-/xmlhttprequest-1.8.0.tgz",
          "integrity": "sha1-Z/4HXFwk/vOfnWX197f+dRcZaPw="
        }
      }
    },
    "dashdash": {
      "version": "1.14.1",
      "resolved": "https://registry.npmjs.org/dashdash/-/dashdash-1.14.1.tgz",
      "integrity": "sha1-hTz6D3y+L+1d4gMmuN1YEDX24vA=",
      "requires": {
        "assert-plus": "1.0.0"
      }
    },
    "dat-table": {
      "version": "1.0.1",
      "resolved": "https://registry.npmjs.org/dat-table/-/dat-table-1.0.1.tgz",
      "integrity": "sha1-eZUrqNceDJD7Ouc2fmLHUyfNDHc=",
      "requires": {
        "minimist": "0.0.5"
      },
      "dependencies": {
        "minimist": {
          "version": "0.0.5",
          "resolved": "https://registry.npmjs.org/minimist/-/minimist-0.0.5.tgz",
          "integrity": "sha1-16oye87PUY+RBqxrjwA/o7zqhWY="
        }
      }
    },
    "delayed-stream": {
      "version": "1.0.0",
      "resolved": "https://registry.npmjs.org/delayed-stream/-/delayed-stream-1.0.0.tgz",
      "integrity": "sha1-3zrhmayt+31ECqrgsp4icrJOxhk="
    },
    "ecc-jsbn": {
      "version": "0.1.1",
      "resolved": "https://registry.npmjs.org/ecc-jsbn/-/ecc-jsbn-0.1.1.tgz",
      "integrity": "sha1-D8c6ntXw1Tw4GTOYUj735UN3dQU=",
      "optional": true,
      "requires": {
        "jsbn": "0.1.1"
      }
    },
    "extend": {
      "version": "3.0.1",
      "resolved": "https://registry.npmjs.org/extend/-/extend-3.0.1.tgz",
      "integrity": "sha1-p1Xqe8Gt/MWjHOfnYtuq3F5jZEQ="
    },
    "extsprintf": {
      "version": "1.3.0",
      "resolved": "https://registry.npmjs.org/extsprintf/-/extsprintf-1.3.0.tgz",
      "integrity": "sha1-lpGEQOMEGnpBT4xS48V06zw+HgU="
    },
    "fast-deep-equal": {
      "version": "1.0.0",
      "resolved": "https://registry.npmjs.org/fast-deep-equal/-/fast-deep-equal-1.0.0.tgz",
      "integrity": "sha1-liVqO8l1WV6zbYLpkp0GDYk0Of8="
    },
    "fast-json-stable-stringify": {
      "version": "2.0.0",
      "resolved": "https://registry.npmjs.org/fast-json-stable-stringify/-/fast-json-stable-stringify-2.0.0.tgz",
      "integrity": "sha1-1RQsDK7msRifh9OnYREGT4bIu/I="
    },
    "forever-agent": {
      "version": "0.6.1",
      "resolved": "https://registry.npmjs.org/forever-agent/-/forever-agent-0.6.1.tgz",
      "integrity": "sha1-+8cfDEGt6zf5bFd60e1C2P2sypE="
    },
    "form-data": {
      "version": "2.3.1",
      "resolved": "https://registry.npmjs.org/form-data/-/form-data-2.3.1.tgz",
      "integrity": "sha1-b7lPvXGIUwbXPRXMSX/kzE7NRL8=",
      "requires": {
        "asynckit": "0.4.0",
        "combined-stream": "1.0.5",
        "mime-types": "2.1.17"
      }
    },
    "fs.realpath": {
      "version": "1.0.0",
      "resolved": "https://registry.npmjs.org/fs.realpath/-/fs.realpath-1.0.0.tgz",
      "integrity": "sha1-FQStJSMVjKpA20onh8sBQRmU6k8="
    },
    "getpass": {
      "version": "0.1.7",
      "resolved": "https://registry.npmjs.org/getpass/-/getpass-0.1.7.tgz",
      "integrity": "sha1-Xv+OPmhNVprkyysSgmBOi6YhSfo=",
      "requires": {
        "assert-plus": "1.0.0"
      }
    },
    "glob": {
      "version": "7.1.2",
      "resolved": "https://registry.npmjs.org/glob/-/glob-7.1.2.tgz",
      "integrity": "sha512-MJTUg1kjuLeQCJ+ccE4Vpa6kKVXkPYJ2mOCQyUuKLcLQsdrMCpBPUi8qVE6+YuaJkozeA9NusTAw3hLr8Xe5EQ==",
      "requires": {
        "fs.realpath": "1.0.0",
        "inflight": "1.0.6",
        "inherits": "2.0.3",
        "minimatch": "3.0.4",
        "once": "1.4.0",
        "path-is-absolute": "1.0.1"
      }
    },
    "har-schema": {
      "version": "2.0.0",
      "resolved": "https://registry.npmjs.org/har-schema/-/har-schema-2.0.0.tgz",
      "integrity": "sha1-qUwiJOvKwEeCoNkDVSHyRzW37JI="
    },
    "har-validator": {
      "version": "5.0.3",
      "resolved": "https://registry.npmjs.org/har-validator/-/har-validator-5.0.3.tgz",
      "integrity": "sha1-ukAsJmGU8VlW7xXg/PJCmT9qff0=",
      "requires": {
        "ajv": "5.3.0",
        "har-schema": "2.0.0"
      }
    },
    "hawk": {
      "version": "6.0.2",
      "resolved": "https://registry.npmjs.org/hawk/-/hawk-6.0.2.tgz",
      "integrity": "sha512-miowhl2+U7Qle4vdLqDdPt9m09K6yZhkLDTWGoUiUzrQCn+mHHSmfJgAyGaLRZbPmTqfFFjRV1QWCW0VWUJBbQ==",
      "requires": {
        "boom": "4.3.1",
        "cryptiles": "3.1.2",
        "hoek": "4.2.0",
        "sntp": "2.1.0"
      }
    },
    "hoek": {
      "version": "4.2.0",
      "resolved": "https://registry.npmjs.org/hoek/-/hoek-4.2.0.tgz",
      "integrity": "sha512-v0XCLxICi9nPfYrS9RL8HbYnXi9obYAeLbSP00BmnZwCK9+Ih9WOjoZ8YoHCoav2csqn4FOz4Orldsy2dmDwmQ=="
    },
    "http-signature": {
      "version": "1.2.0",
      "resolved": "https://registry.npmjs.org/http-signature/-/http-signature-1.2.0.tgz",
      "integrity": "sha1-muzZJRFHcvPZW2WmCruPfBj7rOE=",
      "requires": {
        "assert-plus": "1.0.0",
        "jsprim": "1.4.1",
        "sshpk": "1.13.1"
      }
    },
    "inflight": {
      "version": "1.0.6",
      "resolved": "https://registry.npmjs.org/inflight/-/inflight-1.0.6.tgz",
      "integrity": "sha1-Sb1jMdfQLQwJvJEKEHW6gWW1bfk=",
      "requires": {
        "once": "1.4.0",
        "wrappy": "1.0.2"
      }
    },
    "inherits": {
      "version": "2.0.3",
      "resolved": "https://registry.npmjs.org/inherits/-/inherits-2.0.3.tgz",
      "integrity": "sha1-Yzwsg+PaQqUC9SRmAiSA9CCCYd4="
    },
    "interpret": {
      "version": "1.1.0",
      "resolved": "https://registry.npmjs.org/interpret/-/interpret-1.1.0.tgz",
      "integrity": "sha1-ftGxQQxqDg94z5XTuEQMY/eLhhQ="
    },
    "is-typedarray": {
      "version": "1.0.0",
      "resolved": "https://registry.npmjs.org/is-typedarray/-/is-typedarray-1.0.0.tgz",
      "integrity": "sha1-5HnICFjfDBsR3dppQPlgEfzaSpo="
    },
    "isstream": {
      "version": "0.1.2",
      "resolved": "https://registry.npmjs.org/isstream/-/isstream-0.1.2.tgz",
      "integrity": "sha1-R+Y/evVa+m+S4VAOaQ64uFKcCZo="
    },
    "jsbn": {
      "version": "0.1.1",
      "resolved": "https://registry.npmjs.org/jsbn/-/jsbn-0.1.1.tgz",
      "integrity": "sha1-peZUwuWi3rXyAdls77yoDA7y9RM=",
      "optional": true
    },
    "json-schema": {
      "version": "0.2.3",
      "resolved": "https://registry.npmjs.org/json-schema/-/json-schema-0.2.3.tgz",
      "integrity": "sha1-tIDIkuWaLwWVTOcnvT8qTogvnhM="
    },
    "json-schema-traverse": {
      "version": "0.3.1",
      "resolved": "https://registry.npmjs.org/json-schema-traverse/-/json-schema-traverse-0.3.1.tgz",
      "integrity": "sha1-NJptRMU6Ud6JtAgFxdXlm0F9M0A="
    },
    "json-stringify-safe": {
      "version": "5.0.1",
      "resolved": "https://registry.npmjs.org/json-stringify-safe/-/json-stringify-safe-5.0.1.tgz",
      "integrity": "sha1-Epai1Y/UXxmg9s4B1lcB4sc1tus="
    },
    "jsprim": {
      "version": "1.4.1",
      "resolved": "https://registry.npmjs.org/jsprim/-/jsprim-1.4.1.tgz",
      "integrity": "sha1-MT5mvB5cwG5Di8G3SZwuXFastqI=",
      "requires": {
        "assert-plus": "1.0.0",
        "extsprintf": "1.3.0",
        "json-schema": "0.2.3",
        "verror": "1.10.0"
      }
    },
    "line-graph": {
      "version": "2.0.2",
      "resolved": "https://registry.npmjs.org/line-graph/-/line-graph-2.0.2.tgz",
      "integrity": "sha1-zIfZHNMf0RpK+JrAKIpWlEu3/1I=",
      "requires": {
        "color": "0.5.0",
        "dat-table": "0.2.1",
        "optimist": "0.6.1"
      },
      "dependencies": {
        "dat-table": {
          "version": "0.2.1",
          "resolved": "https://registry.npmjs.org/dat-table/-/dat-table-0.2.1.tgz",
          "integrity": "sha1-PYsGPWREzNLLL4i0BLuyRd1bA+g="
        }
      }
    },
    "linqts": {
      "version": "1.10.1",
      "resolved": "https://registry.npmjs.org/linqts/-/linqts-1.10.1.tgz",
      "integrity": "sha512-Ygnys4gg2adVMthV4QM+FBuQ+j4xI/aJjbhe3bwq7SC/pUC3MJwxt6JFoYNEHgFLKp/o7KtS3MyfMFYjRfGSvQ=="
    },
    "mime-db": {
      "version": "1.30.0",
      "resolved": "https://registry.npmjs.org/mime-db/-/mime-db-1.30.0.tgz",
      "integrity": "sha1-dMZD2i3Z1qRTmZY0ZbJtXKfXHwE="
    },
    "mime-types": {
      "version": "2.1.17",
      "resolved": "https://registry.npmjs.org/mime-types/-/mime-types-2.1.17.tgz",
      "integrity": "sha1-Cdejk/A+mVp5+K+Fe3Cp4KsWVXo=",
      "requires": {
        "mime-db": "1.30.0"
      }
    },
    "minimatch": {
      "version": "3.0.4",
      "resolved": "https://registry.npmjs.org/minimatch/-/minimatch-3.0.4.tgz",
      "integrity": "sha512-yJHVQEhyqPLUTgt9B83PXu6W3rx4MvvHvSUvToogpwoGDOUQ+yDrR0HRot+yOCdCO7u4hX3pWft6kWBBcqh0UA==",
      "requires": {
        "brace-expansion": "1.1.11"
      }
    },
    "minimist": {
      "version": "0.0.10",
      "resolved": "https://registry.npmjs.org/minimist/-/minimist-0.0.10.tgz",
      "integrity": "sha1-3j+YVD2/lggr5IrRoMfNqDYwHc8="
    },
    "mockery": {
      "version": "1.7.0",
      "resolved": "https://registry.npmjs.org/mockery/-/mockery-1.7.0.tgz",
      "integrity": "sha1-9O3g2HUMHJcnwnLqLGBiniyaHE8="
    },
    "oauth-sign": {
      "version": "0.8.2",
      "resolved": "https://registry.npmjs.org/oauth-sign/-/oauth-sign-0.8.2.tgz",
      "integrity": "sha1-Rqarfwrq2N6unsBWV4C31O/rnUM="
    },
    "once": {
      "version": "1.4.0",
      "resolved": "https://registry.npmjs.org/once/-/once-1.4.0.tgz",
      "integrity": "sha1-WDsap3WWHUsROsF9nFC6753Xa9E=",
      "requires": {
        "wrappy": "1.0.2"
      }
    },
    "optimist": {
      "version": "0.6.1",
      "resolved": "https://registry.npmjs.org/optimist/-/optimist-0.6.1.tgz",
      "integrity": "sha1-2j6nRob6IaGaERwybpDrFaAZZoY=",
      "requires": {
        "minimist": "0.0.10",
        "wordwrap": "0.0.3"
      }
    },
    "path-is-absolute": {
      "version": "1.0.1",
      "resolved": "https://registry.npmjs.org/path-is-absolute/-/path-is-absolute-1.0.1.tgz",
      "integrity": "sha1-F0uSaHNVNP+8es5r9TpanhtcX18="
    },
    "path-parse": {
      "version": "1.0.5",
      "resolved": "https://registry.npmjs.org/path-parse/-/path-parse-1.0.5.tgz",
      "integrity": "sha1-PBrfhx6pzWyUMbbqK9dKD/BVxME="
    },
    "performance-now": {
      "version": "2.1.0",
      "resolved": "https://registry.npmjs.org/performance-now/-/performance-now-2.1.0.tgz",
      "integrity": "sha1-Ywn04OX6kT7BxpMHrjZLSzd8nns="
    },
    "punycode": {
      "version": "1.4.1",
      "resolved": "https://registry.npmjs.org/punycode/-/punycode-1.4.1.tgz",
      "integrity": "sha1-wNWmOycYgArY4esPpSachN1BhF4="
    },
    "q": {
      "version": "1.5.1",
      "resolved": "https://registry.npmjs.org/q/-/q-1.5.1.tgz",
      "integrity": "sha1-fjL3W0E4EpHQRhHxvxQQmsAGUdc="
    },
    "qs": {
      "version": "6.5.1",
      "resolved": "https://registry.npmjs.org/qs/-/qs-6.5.1.tgz",
      "integrity": "sha512-eRzhrN1WSINYCDCbrz796z37LOe3m5tmW7RQf6oBntukAG1nmovJvhnwHHRMAfeoItc1m2Hk02WER2aQ/iqs+A=="
    },
    "rechoir": {
      "version": "0.6.2",
      "resolved": "https://registry.npmjs.org/rechoir/-/rechoir-0.6.2.tgz",
      "integrity": "sha1-hSBLVNuoLVdC4oyWdW70OvUOM4Q=",
      "requires": {
        "resolve": "1.5.0"
      }
    },
    "request": {
      "version": "2.83.0",
      "resolved": "https://registry.npmjs.org/request/-/request-2.83.0.tgz",
      "integrity": "sha512-lR3gD69osqm6EYLk9wB/G1W/laGWjzH90t1vEa2xuxHD5KUrSzp9pUSfTm+YC5Nxt2T8nMPEvKlhbQayU7bgFw==",
      "requires": {
        "aws-sign2": "0.7.0",
        "aws4": "1.6.0",
        "caseless": "0.12.0",
        "combined-stream": "1.0.5",
        "extend": "3.0.1",
        "forever-agent": "0.6.1",
        "form-data": "2.3.1",
        "har-validator": "5.0.3",
        "hawk": "6.0.2",
        "http-signature": "1.2.0",
        "is-typedarray": "1.0.0",
        "isstream": "0.1.2",
        "json-stringify-safe": "5.0.1",
        "mime-types": "2.1.17",
        "oauth-sign": "0.8.2",
        "performance-now": "2.1.0",
        "qs": "6.5.1",
        "safe-buffer": "5.1.1",
        "stringstream": "0.0.5",
        "tough-cookie": "2.3.3",
        "tunnel-agent": "0.6.0",
        "uuid": "3.1.0"
      }
    },
    "resolve": {
      "version": "1.5.0",
      "resolved": "https://registry.npmjs.org/resolve/-/resolve-1.5.0.tgz",
      "integrity": "sha512-hgoSGrc3pjzAPHNBg+KnFcK2HwlHTs/YrAGUr6qgTVUZmXv1UEXXl0bZNBKMA9fud6lRYFdPGz0xXxycPzmmiw==",
      "requires": {
        "path-parse": "1.0.5"
      }
    },
    "safe-buffer": {
      "version": "5.1.1",
      "resolved": "https://registry.npmjs.org/safe-buffer/-/safe-buffer-5.1.1.tgz",
      "integrity": "sha512-kKvNJn6Mm93gAczWVJg7wH+wGYWNrDHdWvpUmHyEsgCtIwwo3bqPtV4tR5tuPaUhTOo/kvhVwd8XwwOllGYkbg=="
    },
    "semver": {
      "version": "5.5.0",
      "resolved": "https://registry.npmjs.org/semver/-/semver-5.5.0.tgz",
      "integrity": "sha512-4SJ3dm0WAwWy/NVeioZh5AntkdJoWKxHxcmyP622fOkgHa4z3R0TdBJICINyaSDE6uNwVc8gZr+ZinwZAH4xIA=="
    },
    "shelljs": {
      "version": "0.8.1",
      "resolved": "https://registry.npmjs.org/shelljs/-/shelljs-0.8.1.tgz",
      "integrity": "sha512-YA/iYtZpzFe5HyWVGrb02FjPxc4EMCfpoU/Phg9fQoyMC72u9598OUBrsU8IrtwAKG0tO8IYaqbaLIw+k3IRGA==",
      "requires": {
        "glob": "7.1.2",
        "interpret": "1.1.0",
        "rechoir": "0.6.2"
      }
    },
    "sntp": {
      "version": "2.1.0",
      "resolved": "https://registry.npmjs.org/sntp/-/sntp-2.1.0.tgz",
      "integrity": "sha512-FL1b58BDrqS3A11lJ0zEdnJ3UOKqVxawAkF3k7F0CVN7VQ34aZrV+G8BZ1WC9ZL7NyrwsW0oviwsWDgRuVYtJg==",
      "requires": {
        "hoek": "4.2.0"
      }
    },
    "sshpk": {
      "version": "1.13.1",
      "resolved": "https://registry.npmjs.org/sshpk/-/sshpk-1.13.1.tgz",
      "integrity": "sha1-US322mKHFEMW3EwY/hzx2UBzm+M=",
      "requires": {
        "asn1": "0.2.3",
        "assert-plus": "1.0.0",
        "bcrypt-pbkdf": "1.0.1",
        "dashdash": "1.14.1",
        "ecc-jsbn": "0.1.1",
        "getpass": "0.1.7",
        "jsbn": "0.1.1",
        "tweetnacl": "0.14.5"
      }
    },
    "stringstream": {
      "version": "0.0.5",
      "resolved": "https://registry.npmjs.org/stringstream/-/stringstream-0.0.5.tgz",
      "integrity": "sha1-TkhM1N5aC7vuGORjB3EKioFiGHg="
    },
    "tfsrestservice": {
      "version": "1.5.0",
      "resolved": "https://registry.npmjs.org/tfsrestservice/-/tfsrestservice-1.5.0.tgz",
      "integrity": "sha512-4ogLnXLfebn+tShBq57ed25ULnH8cYNiO5yzthXQk4F2W3V/X3ZZA4m9YR/BzmT0aql2Mpe2n/hE/OWVslFoZw==",
      "requires": {
        "@types/node": "8.9.4"
      }
    },
    "tough-cookie": {
      "version": "2.3.3",
      "resolved": "https://registry.npmjs.org/tough-cookie/-/tough-cookie-2.3.3.tgz",
      "integrity": "sha1-C2GKVWW23qkL80JdBNVe3EdadWE=",
      "requires": {
        "punycode": "1.4.1"
      }
    },
    "tunnel-agent": {
      "version": "0.6.0",
      "resolved": "https://registry.npmjs.org/tunnel-agent/-/tunnel-agent-0.6.0.tgz",
      "integrity": "sha1-J6XeoGs2sEoKmWZ3SykIaPD8QP0=",
      "requires": {
        "safe-buffer": "5.1.1"
      }
    },
    "tweetnacl": {
      "version": "0.14.5",
      "resolved": "https://registry.npmjs.org/tweetnacl/-/tweetnacl-0.14.5.tgz",
      "integrity": "sha1-WuaBd/GS1EViadEIr6k/+HQ/T2Q=",
      "optional": true
    },
    "typescript": {
      "version": "2.7.1",
      "resolved": "https://registry.npmjs.org/typescript/-/typescript-2.7.1.tgz",
      "integrity": "sha512-bqB1yS6o9TNA9ZC/MJxM0FZzPnZdtHj0xWK/IZ5khzVqdpGul/R/EIiHRgFXlwTD7PSIaYVnGKq1QgMCu2mnqw==",
      "dev": true
    },
    "uuid": {
      "version": "3.1.0",
      "resolved": "https://registry.npmjs.org/uuid/-/uuid-3.1.0.tgz",
      "integrity": "sha512-DIWtzUkw04M4k3bf1IcpS2tngXEL26YUD2M0tMDUpnUrz2hgzUBlD55a4FjdLGPvfHxS6uluGWvaVEqgBcVa+g=="
    },
    "verror": {
      "version": "1.10.0",
      "resolved": "https://registry.npmjs.org/verror/-/verror-1.10.0.tgz",
      "integrity": "sha1-OhBcoXBTr1XW4nDB+CiGguGNpAA=",
      "requires": {
        "assert-plus": "1.0.0",
        "core-util-is": "1.0.2",
        "extsprintf": "1.3.0"
      }
    },
    "vsts-task-lib": {
      "version": "2.3.0",
      "resolved": "https://registry.npmjs.org/vsts-task-lib/-/vsts-task-lib-2.3.0.tgz",
      "integrity": "sha1-ydEzP/Eb9/daQX49YZwBBtqLX/I=",
      "requires": {
        "minimatch": "3.0.4",
        "mockery": "1.7.0",
        "q": "1.5.1",
        "semver": "5.5.0",
        "shelljs": "0.3.0",
        "uuid": "3.1.0"
      },
      "dependencies": {
        "shelljs": {
          "version": "0.3.0",
          "resolved": "https://registry.npmjs.org/shelljs/-/shelljs-0.3.0.tgz",
          "integrity": "sha1-NZbmMHp4FUT1kfN9phg2DzHbV7E="
        }
      }
    },
    "web-request": {
      "version": "1.0.7",
      "resolved": "https://registry.npmjs.org/web-request/-/web-request-1.0.7.tgz",
      "integrity": "sha1-twxCs81FV3noLbaIYlOySR8r1Wk=",
      "requires": {
        "request": "2.83.0"
      }
    },
    "wordwrap": {
      "version": "0.0.3",
      "resolved": "https://registry.npmjs.org/wordwrap/-/wordwrap-0.0.3.tgz",
      "integrity": "sha1-o9XabNXAvAAI03I0u68b7WMFkQc="
    },
    "wrappy": {
      "version": "1.0.2",
      "resolved": "https://registry.npmjs.org/wrappy/-/wrappy-1.0.2.tgz",
      "integrity": "sha1-tSQ9jz7BqjXxNkYFvA0QNuMKtp8="
    }
  }
}
